
Microsoft Visual Studio Solution File, Format Version 12.00
# Visual Studio 15
VisualStudioVersion = 15.0.26730.16
MinimumVisualStudioVersion = 10.0.40219.1
Project("{FAE04EC0-301F-11D3-BF4B-00C04F79EFBC}") = "Mp3Player", "Mp3Player\Mp3Player.csproj", "{0E5818EE-80B3-4AC0-99DC-5D71F0E4AAA3}"
EndProject
Global
	GlobalSection(SolutionConfigurationPlatforms) = preSolution
		Debug|Any CPU = Debug|Any CPU
		Release|Any CPU = Release|Any CPU
	EndGlobalSection
	GlobalSection(ProjectConfigurationPlatforms) = postSolution
		{0E5818EE-80B3-4AC0-99DC-5D71F0E4AAA3}.Debug|Any CPU.ActiveCfg = Debug|Any CPU
		{0E5818EE-80B3-4AC0-99DC-5D71F0E4AAA3}.Debug|Any CPU.Build.0 = Debug|Any CPU
		{0E5818EE-80B3-4AC0-99DC-5D71F0E4AAA3}.Release|Any CPU.ActiveCfg = Release|Any CPU
		{0E5818EE-80B3-4AC0-99DC-5D71F0E4AAA3}.Release|Any CPU.Build.0 = Release|Any CPU
	EndGlobalSection
	GlobalSection(SolutionProperties) = preSolution
		HideSolutionNode = FALSE
	EndGlobalSection
	GlobalSection(ExtensibilityGlobals) = postSolution
		SolutionGuid = {1665DD6B-B88E-4705-B92C-3C90ECA1B7FE}
	EndGlobalSection
EndGlobal
